
Microsoft Visual Studio Solution File, Format Version 12.00
# Visual Studio Version 16
VisualStudioVersion = 16.0.31424.327
MinimumVisualStudioVersion = 10.0.40219.1
Project("{FAE04EC0-301F-11D3-BF4B-00C04F79EFBC}") = "VoiceCommandV2.0", "VoiceCommandV2.0\VoiceCommandV2.0.csproj", "{F337A6BD-CE41-4F7B-9CC6-F1B65017385A}"
EndProject
Global
	GlobalSection(SolutionConfigurationPlatforms) = preSolution
		Debug|Any CPU = Debug|Any CPU
		Release|Any CPU = Release|Any CPU
	EndGlobalSection
	GlobalSection(ProjectConfigurationPlatforms) = postSolution
		{F337A6BD-CE41-4F7B-9CC6-F1B65017385A}.Debug|Any CPU.ActiveCfg = Debug|Any CPU
		{F337A6BD-CE41-4F7B-9CC6-F1B65017385A}.Debug|Any CPU.Build.0 = Debug|Any CPU
		{F337A6BD-CE41-4F7B-9CC6-F1B65017385A}.Release|Any CPU.ActiveCfg = Release|Any CPU
		{F337A6BD-CE41-4F7B-9CC6-F1B65017385A}.Release|Any CPU.Build.0 = Release|Any CPU
	EndGlobalSection
	GlobalSection(SolutionProperties) = preSolution
		HideSolutionNode = FALSE
	EndGlobalSection
	GlobalSection(ExtensibilityGlobals) = postSolution
		SolutionGuid = {46015CDC-C94C-4F3B-8A7B-1BE21863B85B}
	EndGlobalSection
EndGlobal
